
Microsoft Visual Studio Solution File, Format Version 12.00
# Visual Studio Version 16
VisualStudioVersion = 16.0.32126.315
MinimumVisualStudioVersion = 10.0.40219.1
Project("{8BC9CEB8-8B4A-11D0-8D11-00A0C91BC942}") = "MaxisTakeHome", "MaxisTakeHome\MaxisTakeHome.vcxproj", "{18DE861E-DE54-421D-8F94-C4F72323BC4F}"
EndProject
Global
	GlobalSection(SolutionConfigurationPlatforms) = preSolution
		Debug|x64 = Debug|x64
		Debug|x86 = Debug|x86
		Release|x64 = Release|x64
		Release|x86 = Release|x86
	EndGlobalSection
	GlobalSection(ProjectConfigurationPlatforms) = postSolution
		{18DE861E-DE54-421D-8F94-C4F72323BC4F}.Debug|x64.ActiveCfg = Debug|x64
		{18DE861E-DE54-421D-8F94-C4F72323BC4F}.Debug|x64.Build.0 = Debug|x64
		{18DE861E-DE54-421D-8F94-C4F72323BC4F}.Debug|x86.ActiveCfg = Debug|Win32
		{18DE861E-DE54-421D-8F94-C4F72323BC4F}.Debug|x86.Build.0 = Debug|Win32
		{18DE861E-DE54-421D-8F94-C4F72323BC4F}.Release|x64.ActiveCfg = Release|x64
		{18DE861E-DE54-421D-8F94-C4F72323BC4F}.Release|x64.Build.0 = Release|x64
		{18DE861E-DE54-421D-8F94-C4F72323BC4F}.Release|x86.ActiveCfg = Release|Win32
		{18DE861E-DE54-421D-8F94-C4F72323BC4F}.Release|x86.Build.0 = Release|Win32
	EndGlobalSection
	GlobalSection(SolutionProperties) = preSolution
		HideSolutionNode = FALSE
	EndGlobalSection
	GlobalSection(ExtensibilityGlobals) = postSolution
		SolutionGuid = {FBC4AFDC-BDE8-45F5-A56B-AF08ABB9B614}
	EndGlobalSection
EndGlobal
